
Microsoft Visual Studio Solution File, Format Version 12.00
# Visual Studio Version 17
VisualStudioVersion = 17.8.34309.116
MinimumVisualStudioVersion = 10.0.40219.1
Project("{FAE04EC0-301F-11D3-BF4B-00C04F79EFBC}") = "gittest", "gittest.csproj", "{F4CEF87F-D0F7-43E3-8B8D-AF33D6CB0366}"
EndProject
Global
	GlobalSection(SolutionConfigurationPlatforms) = preSolution
		Debug|Any CPU = Debug|Any CPU
		Release|Any CPU = Release|Any CPU
	EndGlobalSection
	GlobalSection(ProjectConfigurationPlatforms) = postSolution
		{F4CEF87F-D0F7-43E3-8B8D-AF33D6CB0366}.Debug|Any CPU.ActiveCfg = Debug|Any CPU
		{F4CEF87F-D0F7-43E3-8B8D-AF33D6CB0366}.Debug|Any CPU.Build.0 = Debug|Any CPU
		{F4CEF87F-D0F7-43E3-8B8D-AF33D6CB0366}.Release|Any CPU.ActiveCfg = Release|Any CPU
		{F4CEF87F-D0F7-43E3-8B8D-AF33D6CB0366}.Release|Any CPU.Build.0 = Release|Any CPU
	EndGlobalSection
	GlobalSection(SolutionProperties) = preSolution
		HideSolutionNode = FALSE
	EndGlobalSection
	GlobalSection(ExtensibilityGlobals) = postSolution
		SolutionGuid = {BFC34954-09CC-40EC-87DD-C417B4B73966}
	EndGlobalSection
EndGlobal
